
Microsoft Visual Studio Solution File, Format Version 12.00
# Visual Studio Version 17
VisualStudioVersion = 17.7.34202.233
MinimumVisualStudioVersion = 10.0.40219.1
Project("{FAE04EC0-301F-11D3-BF4B-00C04F79EFBC}") = "HTTP5112RNA-Assignment2", "HTTP5112RNA-Assignment2.csproj", "{0235933E-D6AC-4748-A39E-0DB2713BBCFE}"
EndProject
Global
	GlobalSection(SolutionConfigurationPlatforms) = preSolution
		Debug|Any CPU = Debug|Any CPU
		Release|Any CPU = Release|Any CPU
	EndGlobalSection
	GlobalSection(ProjectConfigurationPlatforms) = postSolution
		{0235933E-D6AC-4748-A39E-0DB2713BBCFE}.Debug|Any CPU.ActiveCfg = Debug|Any CPU
		{0235933E-D6AC-4748-A39E-0DB2713BBCFE}.Debug|Any CPU.Build.0 = Debug|Any CPU
		{0235933E-D6AC-4748-A39E-0DB2713BBCFE}.Release|Any CPU.ActiveCfg = Release|Any CPU
		{0235933E-D6AC-4748-A39E-0DB2713BBCFE}.Release|Any CPU.Build.0 = Release|Any CPU
	EndGlobalSection
	GlobalSection(SolutionProperties) = preSolution
		HideSolutionNode = FALSE
	EndGlobalSection
	GlobalSection(ExtensibilityGlobals) = postSolution
		SolutionGuid = {1A49A225-269C-4B9A-9242-ACBFCF0B6137}
	EndGlobalSection
EndGlobal
